
Microsoft Visual Studio Solution File, Format Version 12.00
# Visual Studio 15
Project("{FAE04EC0-301F-11D3-BF4B-00C04F79EFBC}") = "RhFrameWork", "RhFrameWork.csproj", "{F3066DCD-8951-B8AB-8626-5A9EF3B6A948}"
EndProject
Project("{FAE04EC0-301F-11D3-BF4B-00C04F79EFBC}") = "RhFrameWork.Editor", "RhFrameWork.Editor.csproj", "{7385307B-7F3D-7497-78C4-CE099E64B67D}"
EndProject
Global
	GlobalSection(SolutionConfigurationPlatforms) = preSolution
		Debug|Any CPU = Debug|Any CPU
		Release|Any CPU = Release|Any CPU
	EndGlobalSection
	GlobalSection(ProjectConfigurationPlatforms) = postSolution
		{F3066DCD-8951-B8AB-8626-5A9EF3B6A948}.Debug|Any CPU.ActiveCfg = Debug|Any CPU
		{F3066DCD-8951-B8AB-8626-5A9EF3B6A948}.Debug|Any CPU.Build.0 = Debug|Any CPU
		{F3066DCD-8951-B8AB-8626-5A9EF3B6A948}.Release|Any CPU.ActiveCfg = Release|Any CPU
		{F3066DCD-8951-B8AB-8626-5A9EF3B6A948}.Release|Any CPU.Build.0 = Release|Any CPU
		{7385307B-7F3D-7497-78C4-CE099E64B67D}.Debug|Any CPU.ActiveCfg = Debug|Any CPU
		{7385307B-7F3D-7497-78C4-CE099E64B67D}.Debug|Any CPU.Build.0 = Debug|Any CPU
		{7385307B-7F3D-7497-78C4-CE099E64B67D}.Release|Any CPU.ActiveCfg = Release|Any CPU
		{7385307B-7F3D-7497-78C4-CE099E64B67D}.Release|Any CPU.Build.0 = Release|Any CPU
	EndGlobalSection
	GlobalSection(SolutionProperties) = preSolution
		HideSolutionNode = FALSE
	EndGlobalSection
EndGlobal
